// !$*UTF8*$!
{
	archiveVersion = 1;
	classes = {
	};
	objectVersion = 50;
	objects = {

/* Begin PBXBuildFile section */
		071423672534C38A00E7487A /* AppDelegate.m in Sources */ = {isa = PBXBuildFile; fileRef = 071423662534C38A00E7487A /* AppDelegate.m */; };
		0714236A2534C38A00E7487A /* SceneDelegate.m in Sources */ = {isa = PBXBuildFile; fileRef = 071423692534C38A00E7487A /* SceneDelegate.m */; };
		0714236D2534C38A00E7487A /* ViewController.m in Sources */ = {isa = PBXBuildFile; fileRef = 0714236C2534C38A00E7487A /* ViewController.m */; };
		071423702534C38A00E7487A /* Main.storyboard in Resources */ = {isa = PBXBuildFile; fileRef = 0714236E2534C38A00E7487A /* Main.storyboard */; };
		071423722534C38A00E7487A /* Assets.xcassets in Resources */ = {isa = PBXBuildFile; fileRef = 071423712534C38A00E7487A /* Assets.xcassets */; };
		071423752534C38A00E7487A /* LaunchScreen.storyboard in Resources */ = {isa = PBXBuildFile; fileRef = 071423732534C38A00E7487A /* LaunchScreen.storyboard */; };
		071423782534C38A00E7487A /* main.m in Sources */ = {isa = PBXBuildFile; fileRef = 071423772534C38A00E7487A /* main.m */; };
		071423822534C38A00E7487A /* Demo1Tests.m in Sources */ = {isa = PBXBuildFile; fileRef = 071423812534C38A00E7487A /* Demo1Tests.m */; };
		0714238D2534C38A00E7487A /* Demo1UITests.m in Sources */ = {isa = PBXBuildFile; fileRef = 0714238C2534C38A00E7487A /* Demo1UITests.m */; };
		071423A22534CFEE00E7487A /* PhoneCaller.m in Sources */ = {isa = PBXBuildFile; fileRef = 071423A12534CFEE00E7487A /* PhoneCaller.m */; };
		074256522577F45F000C3B77 /* Lesson6ViewController.swift in Sources */ = {isa = PBXBuildFile; fileRef = 074256512577F45F000C3B77 /* Lesson6ViewController.swift */; };
		0742565A2577FB50000C3B77 /* Lesson6TableViewCell.swift in Sources */ = {isa = PBXBuildFile; fileRef = 074256592577FB50000C3B77 /* Lesson6TableViewCell.swift */; };
		0742565F2577FC97000C3B77 /* Lesson6.storyboard in Resources */ = {isa = PBXBuildFile; fileRef = 0742565E2577FC97000C3B77 /* Lesson6.storyboard */; };
		0742566425780750000C3B77 /* Lesson6DetailsViewController.swift in Sources */ = {isa = PBXBuildFile; fileRef = 0742566325780750000C3B77 /* Lesson6DetailsViewController.swift */; };
		0746D05B258276D300EEDA27 /* Lesson7ViewController.swift in Sources */ = {isa = PBXBuildFile; fileRef = 0746D05A258276D300EEDA27 /* Lesson7ViewController.swift */; };
		0746D063258276E500EEDA27 /* Lesson7Classes.swift in Sources */ = {isa = PBXBuildFile; fileRef = 0746D062258276E500EEDA27 /* Lesson7Classes.swift */; };
		0746D06C258282C700EEDA27 /* Lesson7ObjcClasses.m in Sources */ = {isa = PBXBuildFile; fileRef = 0746D06B258282C700EEDA27 /* Lesson7ObjcClasses.m */; };
		0746D0712582894200EEDA27 /* Lesson7.storyboard in Resources */ = {isa = PBXBuildFile; fileRef = 0746D0702582894200EEDA27 /* Lesson7.storyboard */; };
		0756115E2559A0E100EA8A41 /* Lesson4ViewController.swift in Sources */ = {isa = PBXBuildFile; fileRef = 0756115C2559A0E100EA8A41 /* Lesson4ViewController.swift */; };
		0756116A2559A45D00EA8A41 /* DemoOperations.swift in Sources */ = {isa = PBXBuildFile; fileRef = 075611692559A45D00EA8A41 /* DemoOperations.swift */; };
		07606EC526024F6B00B41EEA /* Lesson21ViewController.swift in Sources */ = {isa = PBXBuildFile; fileRef = 07606EC426024F6B00B41EEA /* Lesson21ViewController.swift */; };
		07606ECD2602502700B41EEA /* Lesson21.storyboard in Resources */ = {isa = PBXBuildFile; fileRef = 07606ECC2602502700B41EEA /* Lesson21.storyboard */; };
		076C06962550636B006B0670 /* Lesson3ViewController.m in Sources */ = {isa = PBXBuildFile; fileRef = 076C06952550636B006B0670 /* Lesson3ViewController.m */; };
		076C069F255063E6006B0670 /* Lesson2ViewController.m in Sources */ = {isa = PBXBuildFile; fileRef = 076C069E255063E6006B0670 /* Lesson2ViewController.m */; };
		0787B642253DF4D100DF56E4 /* DemoModel.m in Sources */ = {isa = PBXBuildFile; fileRef = 0787B641253DF4D100DF56E4 /* DemoModel.m */; };
		0787B64E253E069B00DF56E4 /* DemoModel+Display.m in Sources */ = {isa = PBXBuildFile; fileRef = 0787B64D253E069B00DF56E4 /* DemoModel+Display.m */; };
		0787B654253E079800DF56E4 /* NSString+Display.m in Sources */ = {isa = PBXBuildFile; fileRef = 0787B653253E079800DF56E4 /* NSString+Display.m */; };
		0787B65E253E08C700DF56E4 /* PromoModel.m in Sources */ = {isa = PBXBuildFile; fileRef = 0787B65D253E08C700DF56E4 /* PromoModel.m */; };
		07A795142549C5C2006F4FB4 /* SwiftCode.swift in Sources */ = {isa = PBXBuildFile; fileRef = 07A795132549C5C2006F4FB4 /* SwiftCode.swift */; };
		07DAE9B22587C14C005EC51B /* Lesson8Classes.swift in Sources */ = {isa = PBXBuildFile; fileRef = 07DAE9B12587C14C005EC51B /* Lesson8Classes.swift */; };
		07DAE9B72587C162005EC51B /* Lesson8ViewController.swift in Sources */ = {isa = PBXBuildFile; fileRef = 07DAE9B62587C162005EC51B /* Lesson8ViewController.swift */; };
		07DAE9C22587C23C005EC51B /* Lesson8.storyboard in Resources */ = {isa = PBXBuildFile; fileRef = 07DAE9C12587C23C005EC51B /* Lesson8.storyboard */; };
		07DAE9D82587D8A2005EC51B /* Localizable.strings in Resources */ = {isa = PBXBuildFile; fileRef = 07DAE9DA2587D8A2005EC51B /* Localizable.strings */; };
		07E7B6DD256816C300B09599 /* Lesson5ViewController.swift in Sources */ = {isa = PBXBuildFile; fileRef = 07E7B6D52568148500B09599 /* Lesson5ViewController.swift */; };
		07E7B6E2256816F000B09599 /* CustomView.swift in Sources */ = {isa = PBXBuildFile; fileRef = 07E7B6E1256816F000B09599 /* CustomView.swift */; };
/* End PBXBuildFile section */

/* Begin PBXContainerItemProxy section */
		0714237E2534C38A00E7487A /* PBXContainerItemProxy */ = {
			isa = PBXContainerItemProxy;
			containerPortal = 0714235A2534C38A00E7487A /* Project object */;
			proxyType = 1;
			remoteGlobalIDString = 071423612534C38A00E7487A;
			remoteInfo = Demo1;
		};
		071423892534C38A00E7487A /* PBXContainerItemProxy */ = {
			isa = PBXContainerItemProxy;
			containerPortal = 0714235A2534C38A00E7487A /* Project object */;
			proxyType = 1;
			remoteGlobalIDString = 071423612534C38A00E7487A;
			remoteInfo = Demo1;
		};
/* End PBXContainerItemProxy section */

/* Begin PBXFileReference section */
		071423622534C38A00E7487A /* IOSSchool.app */ = {isa = PBXFileReference; explicitFileType = wrapper.application; includeInIndex = 0; path = IOSSchool.app; sourceTree = BUILT_PRODUCTS_DIR; };
		071423652534C38A00E7487A /* AppDelegate.h */ = {isa = PBXFileReference; lastKnownFileType = sourcecode.c.h; path = AppDelegate.h; sourceTree = "<group>"; };
		071423662534C38A00E7487A /* AppDelegate.m */ = {isa = PBXFileReference; lastKnownFileType = sourcecode.c.objc; path = AppDelegate.m; sourceTree = "<group>"; };
		071423682534C38A00E7487A /* SceneDelegate.h */ = {isa = PBXFileReference; lastKnownFileType = sourcecode.c.h; path = SceneDelegate.h; sourceTree = "<group>"; };
		071423692534C38A00E7487A /* SceneDelegate.m */ = {isa = PBXFileReference; lastKnownFileType = sourcecode.c.objc; path = SceneDelegate.m; sourceTree = "<group>"; };
		0714236B2534C38A00E7487A /* ViewController.h */ = {isa = PBXFileReference; lastKnownFileType = sourcecode.c.h; path = ViewController.h; sourceTree = "<group>"; };
		0714236C2534C38A00E7487A /* ViewController.m */ = {isa = PBXFileReference; lastKnownFileType = sourcecode.c.objc; path = ViewController.m; sourceTree = "<group>"; };
		0714236F2534C38A00E7487A /* Base */ = {isa = PBXFileReference; lastKnownFileType = file.storyboard; name = Base; path = Base.lproj/Main.storyboard; sourceTree = "<group>"; };
		071423712534C38A00E7487A /* Assets.xcassets */ = {isa = PBXFileReference; lastKnownFileType = folder.assetcatalog; path = Assets.xcassets; sourceTree = "<group>"; };
		071423742534C38A00E7487A /* Base */ = {isa = PBXFileReference; lastKnownFileType = file.storyboard; name = Base; path = Base.lproj/LaunchScreen.storyboard; sourceTree = "<group>"; };
		071423762534C38A00E7487A /* Info.plist */ = {isa = PBXFileReference; lastKnownFileType = text.plist.xml; path = Info.plist; sourceTree = "<group>"; };
		071423772534C38A00E7487A /* main.m */ = {isa = PBXFileReference; lastKnownFileType = sourcecode.c.objc; path = main.m; sourceTree = "<group>"; };
		0714237D2534C38A00E7487A /* IOSSchoolTests.xctest */ = {isa = PBXFileReference; explicitFileType = wrapper.cfbundle; includeInIndex = 0; path = IOSSchoolTests.xctest; sourceTree = BUILT_PRODUCTS_DIR; };
		071423812534C38A00E7487A /* Demo1Tests.m */ = {isa = PBXFileReference; lastKnownFileType = sourcecode.c.objc; path = Demo1Tests.m; sourceTree = "<group>"; };
		071423832534C38A00E7487A /* Info.plist */ = {isa = PBXFileReference; lastKnownFileType = text.plist.xml; path = Info.plist; sourceTree = "<group>"; };
		071423882534C38A00E7487A /* IOSSchoolUITests.xctest */ = {isa = PBXFileReference; explicitFileType = wrapper.cfbundle; includeInIndex = 0; path = IOSSchoolUITests.xctest; sourceTree = BUILT_PRODUCTS_DIR; };
		0714238C2534C38A00E7487A /* Demo1UITests.m */ = {isa = PBXFileReference; lastKnownFileType = sourcecode.c.objc; path = Demo1UITests.m; sourceTree = "<group>"; };
		0714238E2534C38A00E7487A /* Info.plist */ = {isa = PBXFileReference; lastKnownFileType = text.plist.xml; path = Info.plist; sourceTree = "<group>"; };
		071423A02534CFEE00E7487A /* PhoneCaller.h */ = {isa = PBXFileReference; lastKnownFileType = sourcecode.c.h; path = PhoneCaller.h; sourceTree = "<group>"; };
		071423A12534CFEE00E7487A /* PhoneCaller.m */ = {isa = PBXFileReference; lastKnownFileType = sourcecode.c.objc; path = PhoneCaller.m; sourceTree = "<group>"; };
		074256512577F45F000C3B77 /* Lesson6ViewController.swift */ = {isa = PBXFileReference; lastKnownFileType = sourcecode.swift; path = Lesson6ViewController.swift; sourceTree = "<group>"; };
		074256592577FB50000C3B77 /* Lesson6TableViewCell.swift */ = {isa = PBXFileReference; lastKnownFileType = sourcecode.swift; path = Lesson6TableViewCell.swift; sourceTree = "<group>"; };
		0742565E2577FC97000C3B77 /* Lesson6.storyboard */ = {isa = PBXFileReference; lastKnownFileType = file.storyboard; path = Lesson6.storyboard; sourceTree = "<group>"; };
		0742566325780750000C3B77 /* Lesson6DetailsViewController.swift */ = {isa = PBXFileReference; lastKnownFileType = sourcecode.swift; path = Lesson6DetailsViewController.swift; sourceTree = "<group>"; };
		0746D05A258276D300EEDA27 /* Lesson7ViewController.swift */ = {isa = PBXFileReference; lastKnownFileType = sourcecode.swift; path = Lesson7ViewController.swift; sourceTree = "<group>"; };
		0746D062258276E500EEDA27 /* Lesson7Classes.swift */ = {isa = PBXFileReference; lastKnownFileType = sourcecode.swift; path = Lesson7Classes.swift; sourceTree = "<group>"; };
		0746D06A258282C700EEDA27 /* Lesson7ObjcClasses.h */ = {isa = PBXFileReference; lastKnownFileType = sourcecode.c.h; path = Lesson7ObjcClasses.h; sourceTree = "<group>"; };
		0746D06B258282C700EEDA27 /* Lesson7ObjcClasses.m */ = {isa = PBXFileReference; lastKnownFileType = sourcecode.c.objc; path = Lesson7ObjcClasses.m; sourceTree = "<group>"; };
		0746D0702582894200EEDA27 /* Lesson7.storyboard */ = {isa = PBXFileReference; lastKnownFileType = file.storyboard; path = Lesson7.storyboard; sourceTree = "<group>"; };
		0756115C2559A0E100EA8A41 /* Lesson4ViewController.swift */ = {isa = PBXFileReference; lastKnownFileType = sourcecode.swift; path = Lesson4ViewController.swift; sourceTree = "<group>"; };
		075611692559A45D00EA8A41 /* DemoOperations.swift */ = {isa = PBXFileReference; lastKnownFileType = sourcecode.swift; path = DemoOperations.swift; sourceTree = "<group>"; };
		07606EC426024F6B00B41EEA /* Lesson21ViewController.swift */ = {isa = PBXFileReference; lastKnownFileType = sourcecode.swift; path = Lesson21ViewController.swift; sourceTree = "<group>"; };
		07606ECC2602502700B41EEA /* Lesson21.storyboard */ = {isa = PBXFileReference; lastKnownFileType = file.storyboard; path = Lesson21.storyboard; sourceTree = "<group>"; };
		076C06942550636B006B0670 /* Lesson3ViewController.h */ = {isa = PBXFileReference; lastKnownFileType = sourcecode.c.h; path = Lesson3ViewController.h; sourceTree = "<group>"; };
		076C06952550636B006B0670 /* Lesson3ViewController.m */ = {isa = PBXFileReference; lastKnownFileType = sourcecode.c.objc; path = Lesson3ViewController.m; sourceTree = "<group>"; };
		076C069D255063E6006B0670 /* Lesson2ViewController.h */ = {isa = PBXFileReference; lastKnownFileType = sourcecode.c.h; path = Lesson2ViewController.h; sourceTree = "<group>"; };
		076C069E255063E6006B0670 /* Lesson2ViewController.m */ = {isa = PBXFileReference; lastKnownFileType = sourcecode.c.objc; path = Lesson2ViewController.m; sourceTree = "<group>"; };
		0787B640253DF4D100DF56E4 /* DemoModel.h */ = {isa = PBXFileReference; lastKnownFileType = sourcecode.c.h; path = DemoModel.h; sourceTree = "<group>"; };
		0787B641253DF4D100DF56E4 /* DemoModel.m */ = {isa = PBXFileReference; lastKnownFileType = sourcecode.c.objc; path = DemoModel.m; sourceTree = "<group>"; };
		0787B64C253E069B00DF56E4 /* DemoModel+Display.h */ = {isa = PBXFileReference; lastKnownFileType = sourcecode.c.h; path = "DemoModel+Display.h"; sourceTree = "<group>"; };
		0787B64D253E069B00DF56E4 /* DemoModel+Display.m */ = {isa = PBXFileReference; lastKnownFileType = sourcecode.c.objc; path = "DemoModel+Display.m"; sourceTree = "<group>"; };
		0787B652253E079800DF56E4 /* NSString+Display.h */ = {isa = PBXFileReference; lastKnownFileType = sourcecode.c.h; path = "NSString+Display.h"; sourceTree = "<group>"; };
		0787B653253E079800DF56E4 /* NSString+Display.m */ = {isa = PBXFileReference; lastKnownFileType = sourcecode.c.objc; path = "NSString+Display.m"; sourceTree = "<group>"; };
		0787B658253E084800DF56E4 /* PromoModelProtocol.h */ = {isa = PBXFileReference; lastKnownFileType = sourcecode.c.h; path = PromoModelProtocol.h; sourceTree = "<group>"; };
		0787B65C253E08C700DF56E4 /* PromoModel.h */ = {isa = PBXFileReference; lastKnownFileType = sourcecode.c.h; path = PromoModel.h; sourceTree = "<group>"; };
		0787B65D253E08C700DF56E4 /* PromoModel.m */ = {isa = PBXFileReference; lastKnownFileType = sourcecode.c.objc; path = PromoModel.m; sourceTree = "<group>"; };
		07A795122549C5C2006F4FB4 /* IOSSchool-Bridging-Header.h */ = {isa = PBXFileReference; lastKnownFileType = sourcecode.c.h; path = "IOSSchool-Bridging-Header.h"; sourceTree = "<group>"; };
		07A795132549C5C2006F4FB4 /* SwiftCode.swift */ = {isa = PBXFileReference; lastKnownFileType = sourcecode.swift; path = SwiftCode.swift; sourceTree = "<group>"; };
		07DAE9B12587C14C005EC51B /* Lesson8Classes.swift */ = {isa = PBXFileReference; lastKnownFileType = sourcecode.swift; path = Lesson8Classes.swift; sourceTree = "<group>"; };
		07DAE9B62587C162005EC51B /* Lesson8ViewController.swift */ = {isa = PBXFileReference; lastKnownFileType = sourcecode.swift; path = Lesson8ViewController.swift; sourceTree = "<group>"; };
		07DAE9C12587C23C005EC51B /* Lesson8.storyboard */ = {isa = PBXFileReference; lastKnownFileType = file.storyboard; path = Lesson8.storyboard; sourceTree = "<group>"; };
		07DAE9CA2587D72D005EC51B /* ru */ = {isa = PBXFileReference; lastKnownFileType = text.plist.strings; name = ru; path = ru.lproj/LaunchScreen.strings; sourceTree = "<group>"; };
		07DAE9D92587D8A2005EC51B /* en */ = {isa = PBXFileReference; lastKnownFileType = text.plist.strings; name = en; path = en.lproj/Localizable.strings; sourceTree = "<group>"; };
		07DAE9DB2587D8A7005EC51B /* ru */ = {isa = PBXFileReference; lastKnownFileType = text.plist.strings; name = ru; path = ru.lproj/Localizable.strings; sourceTree = "<group>"; };
		07DAE9FD25888BEA005EC51B /* en */ = {isa = PBXFileReference; lastKnownFileType = text.plist.strings; name = en; path = en.lproj/Main.strings; sourceTree = "<group>"; };
		07DAE9FE25888BEC005EC51B /* ru */ = {isa = PBXFileReference; lastKnownFileType = text.plist.strings; name = ru; path = ru.lproj/Main.strings; sourceTree = "<group>"; };
		07E7B6D52568148500B09599 /* Lesson5ViewController.swift */ = {isa = PBXFileReference; lastKnownFileType = sourcecode.swift; path = Lesson5ViewController.swift; sourceTree = "<group>"; };
		07E7B6E1256816F000B09599 /* CustomView.swift */ = {isa = PBXFileReference; lastKnownFileType = sourcecode.swift; path = CustomView.swift; sourceTree = "<group>"; };
		07F9A6842540A877006C435B /* StringProtocol.h */ = {isa = PBXFileReference; lastKnownFileType = sourcecode.c.h; path = StringProtocol.h; sourceTree = "<group>"; };
/* End PBXFileReference section */

/* Begin PBXFrameworksBuildPhase section */
		0714235F2534C38A00E7487A /* Frameworks */ = {
			isa = PBXFrameworksBuildPhase;
			buildActionMask = 2147483647;
			files = (
			);
			runOnlyForDeploymentPostprocessing = 0;
		};
		0714237A2534C38A00E7487A /* Frameworks */ = {
			isa = PBXFrameworksBuildPhase;
			buildActionMask = 2147483647;
			files = (
			);
			runOnlyForDeploymentPostprocessing = 0;
		};
		071423852534C38A00E7487A /* Frameworks */ = {
			isa = PBXFrameworksBuildPhase;
			buildActionMask = 2147483647;
			files = (
			);
			runOnlyForDeploymentPostprocessing = 0;
		};
/* End PBXFrameworksBuildPhase section */

/* Begin PBXGroup section */
		071423592534C38A00E7487A = {
			isa = PBXGroup;
			children = (
				071423642534C38A00E7487A /* IOSSchool */,
				071423802534C38A00E7487A /* IOSSchoolTests */,
				0714238B2534C38A00E7487A /* IOSSchoolUITests */,
				071423632534C38A00E7487A /* Products */,
			);
			sourceTree = "<group>";
		};
		071423632534C38A00E7487A /* Products */ = {
			isa = PBXGroup;
			children = (
				071423622534C38A00E7487A /* IOSSchool.app */,
				0714237D2534C38A00E7487A /* IOSSchoolTests.xctest */,
				071423882534C38A00E7487A /* IOSSchoolUITests.xctest */,
			);
			name = Products;
			sourceTree = "<group>";
		};
		071423642534C38A00E7487A /* IOSSchool */ = {
			isa = PBXGroup;
			children = (
				076C06BB25506577006B0670 /* Application */,
				076C068E255062E1006B0670 /* Lesson1 */,
				076C0690255062F3006B0670 /* Lesson2 */,
				076C068F255062EC006B0670 /* Lesson3 */,
				076C06BC25506608006B0670 /* Lesson4 */,
				07E7B6D42568146100B09599 /* Lesson5 */,
				074256502577F423000C3B77 /* Lesson6 */,
				0746D059258276B400EEDA27 /* Lesson7 */,
				07DAE9B02587C13A005EC51B /* Lesson8 */,
				07606EC026024ED800B41EEA /* Lesson 2.1 */,
				0714236E2534C38A00E7487A /* Main.storyboard */,
				071423712534C38A00E7487A /* Assets.xcassets */,
				07DAE9DA2587D8A2005EC51B /* Localizable.strings */,
			);
			path = IOSSchool;
			sourceTree = "<group>";
		};
		071423802534C38A00E7487A /* IOSSchoolTests */ = {
			isa = PBXGroup;
			children = (
				071423812534C38A00E7487A /* Demo1Tests.m */,
				071423832534C38A00E7487A /* Info.plist */,
			);
			path = IOSSchoolTests;
			sourceTree = "<group>";
		};
		0714238B2534C38A00E7487A /* IOSSchoolUITests */ = {
			isa = PBXGroup;
			children = (
				0714238C2534C38A00E7487A /* Demo1UITests.m */,
				0714238E2534C38A00E7487A /* Info.plist */,
			);
			path = IOSSchoolUITests;
			sourceTree = "<group>";
		};
		074256502577F423000C3B77 /* Lesson6 */ = {
			isa = PBXGroup;
			children = (
				074256512577F45F000C3B77 /* Lesson6ViewController.swift */,
				0742566325780750000C3B77 /* Lesson6DetailsViewController.swift */,
				074256592577FB50000C3B77 /* Lesson6TableViewCell.swift */,
				0742565E2577FC97000C3B77 /* Lesson6.storyboard */,
			);
			path = Lesson6;
			sourceTree = "<group>";
		};
		0746D059258276B400EEDA27 /* Lesson7 */ = {
			isa = PBXGroup;
			children = (
				0746D05A258276D300EEDA27 /* Lesson7ViewController.swift */,
				0746D062258276E500EEDA27 /* Lesson7Classes.swift */,
				0746D06A258282C700EEDA27 /* Lesson7ObjcClasses.h */,
				0746D06B258282C700EEDA27 /* Lesson7ObjcClasses.m */,
				0746D0702582894200EEDA27 /* Lesson7.storyboard */,
			);
			path = Lesson7;
			sourceTree = "<group>";
		};
		07606EC026024ED800B41EEA /* Lesson 2.1 */ = {
			isa = PBXGroup;
			children = (
				07606EC426024F6B00B41EEA /* Lesson21ViewController.swift */,
				07606ECC2602502700B41EEA /* Lesson21.storyboard */,
			);
			path = "Lesson 2.1";
			sourceTree = "<group>";
		};
		076C068E255062E1006B0670 /* Lesson1 */ = {
			isa = PBXGroup;
			children = (
				0714236B2534C38A00E7487A /* ViewController.h */,
				0714236C2534C38A00E7487A /* ViewController.m */,
				071423A02534CFEE00E7487A /* PhoneCaller.h */,
				071423A12534CFEE00E7487A /* PhoneCaller.m */,
			);
			path = Lesson1;
			sourceTree = "<group>";
		};
		076C068F255062EC006B0670 /* Lesson3 */ = {
			isa = PBXGroup;
			children = (
				076C06942550636B006B0670 /* Lesson3ViewController.h */,
				076C06952550636B006B0670 /* Lesson3ViewController.m */,
				07A795132549C5C2006F4FB4 /* SwiftCode.swift */,
			);
			path = Lesson3;
			sourceTree = "<group>";
		};
		076C0690255062F3006B0670 /* Lesson2 */ = {
			isa = PBXGroup;
			children = (
				076C069D255063E6006B0670 /* Lesson2ViewController.h */,
				076C069E255063E6006B0670 /* Lesson2ViewController.m */,
				0787B640253DF4D100DF56E4 /* DemoModel.h */,
				0787B641253DF4D100DF56E4 /* DemoModel.m */,
				0787B64C253E069B00DF56E4 /* DemoModel+Display.h */,
				0787B64D253E069B00DF56E4 /* DemoModel+Display.m */,
				0787B652253E079800DF56E4 /* NSString+Display.h */,
				0787B653253E079800DF56E4 /* NSString+Display.m */,
				0787B658253E084800DF56E4 /* PromoModelProtocol.h */,
				0787B65C253E08C700DF56E4 /* PromoModel.h */,
				0787B65D253E08C700DF56E4 /* PromoModel.m */,
				07F9A6842540A877006C435B /* StringProtocol.h */,
			);
			path = Lesson2;
			sourceTree = "<group>";
		};
		076C06BB25506577006B0670 /* Application */ = {
			isa = PBXGroup;
			children = (
				071423652534C38A00E7487A /* AppDelegate.h */,
				071423662534C38A00E7487A /* AppDelegate.m */,
				071423682534C38A00E7487A /* SceneDelegate.h */,
				071423692534C38A00E7487A /* SceneDelegate.m */,
				071423732534C38A00E7487A /* LaunchScreen.storyboard */,
				071423762534C38A00E7487A /* Info.plist */,
				071423772534C38A00E7487A /* main.m */,
				07A795122549C5C2006F4FB4 /* IOSSchool-Bridging-Header.h */,
			);
			path = Application;
			sourceTree = "<group>";
		};
		076C06BC25506608006B0670 /* Lesson4 */ = {
			isa = PBXGroup;
			children = (
				0756115C2559A0E100EA8A41 /* Lesson4ViewController.swift */,
				075611692559A45D00EA8A41 /* DemoOperations.swift */,
			);
			path = Lesson4;
			sourceTree = "<group>";
		};
		07DAE9B02587C13A005EC51B /* Lesson8 */ = {
			isa = PBXGroup;
			children = (
				07DAE9B62587C162005EC51B /* Lesson8ViewController.swift */,
				07DAE9B12587C14C005EC51B /* Lesson8Classes.swift */,
				07DAE9C12587C23C005EC51B /* Lesson8.storyboard */,
			);
			path = Lesson8;
			sourceTree = "<group>";
		};
		07E7B6D42568146100B09599 /* Lesson5 */ = {
			isa = PBXGroup;
			children = (
				07E7B6D52568148500B09599 /* Lesson5ViewController.swift */,
				07E7B6E1256816F000B09599 /* CustomView.swift */,
			);
			path = Lesson5;
			sourceTree = "<group>";
		};
/* End PBXGroup section */

/* Begin PBXNativeTarget section */
		071423612534C38A00E7487A /* IOSSchool */ = {
			isa = PBXNativeTarget;
			buildConfigurationList = 071423912534C38A00E7487A /* Build configuration list for PBXNativeTarget "IOSSchool" */;
			buildPhases = (
				0714235E2534C38A00E7487A /* Sources */,
				0714235F2534C38A00E7487A /* Frameworks */,
				071423602534C38A00E7487A /* Resources */,
			);
			buildRules = (
			);
			dependencies = (
			);
			name = IOSSchool;
			productName = Demo1;
			productReference = 071423622534C38A00E7487A /* IOSSchool.app */;
			productType = "com.apple.product-type.application";
		};
		0714237C2534C38A00E7487A /* IOSSchoolTests */ = {
			isa = PBXNativeTarget;
			buildConfigurationList = 071423942534C38A00E7487A /* Build configuration list for PBXNativeTarget "IOSSchoolTests" */;
			buildPhases = (
				071423792534C38A00E7487A /* Sources */,
				0714237A2534C38A00E7487A /* Frameworks */,
				0714237B2534C38A00E7487A /* Resources */,
			);
			buildRules = (
			);
			dependencies = (
				0714237F2534C38A00E7487A /* PBXTargetDependency */,
			);
			name = IOSSchoolTests;
			productName = Demo1Tests;
			productReference = 0714237D2534C38A00E7487A /* IOSSchoolTests.xctest */;
			productType = "com.apple.product-type.bundle.unit-test";
		};
		071423872534C38A00E7487A /* IOSSchoolUITests */ = {
			isa = PBXNativeTarget;
			buildConfigurationList = 071423972534C38A00E7487A /* Build configuration list for PBXNativeTarget "IOSSchoolUITests" */;
			buildPhases = (
				071423842534C38A00E7487A /* Sources */,
				071423852534C38A00E7487A /* Frameworks */,
				071423862534C38A00E7487A /* Resources */,
			);
			buildRules = (
			);
			dependencies = (
				0714238A2534C38A00E7487A /* PBXTargetDependency */,
			);
			name = IOSSchoolUITests;
			productName = Demo1UITests;
			productReference = 071423882534C38A00E7487A /* IOSSchoolUITests.xctest */;
			productType = "com.apple.product-type.bundle.ui-testing";
		};
/* End PBXNativeTarget section */

/* Begin PBXProject section */
		0714235A2534C38A00E7487A /* Project object */ = {
			isa = PBXProject;
			attributes = {
				LastUpgradeCheck = 1200;
				TargetAttributes = {
					071423612534C38A00E7487A = {
						CreatedOnToolsVersion = 12.0.1;
						LastSwiftMigration = 1200;
					};
					0714237C2534C38A00E7487A = {
						CreatedOnToolsVersion = 12.0.1;
						TestTargetID = 071423612534C38A00E7487A;
					};
					071423872534C38A00E7487A = {
						CreatedOnToolsVersion = 12.0.1;
						TestTargetID = 071423612534C38A00E7487A;
					};
				};
			};
			buildConfigurationList = 0714235D2534C38A00E7487A /* Build configuration list for PBXProject "IOSSchool" */;
			compatibilityVersion = "Xcode 9.3";
			developmentRegion = en;
			hasScannedForEncodings = 0;
			knownRegions = (
				en,
				Base,
				ru,
			);
			mainGroup = 071423592534C38A00E7487A;
			productRefGroup = 071423632534C38A00E7487A /* Products */;
			projectDirPath = "";
			projectRoot = "";
			targets = (
				071423612534C38A00E7487A /* IOSSchool */,
				0714237C2534C38A00E7487A /* IOSSchoolTests */,
				071423872534C38A00E7487A /* IOSSchoolUITests */,
			);
		};
/* End PBXProject section */

/* Begin PBXResourcesBuildPhase section */
		071423602534C38A00E7487A /* Resources */ = {
			isa = PBXResourcesBuildPhase;
			buildActionMask = 2147483647;
			files = (
				071423752534C38A00E7487A /* LaunchScreen.storyboard in Resources */,
				07606ECD2602502700B41EEA /* Lesson21.storyboard in Resources */,
				0746D0712582894200EEDA27 /* Lesson7.storyboard in Resources */,
				07DAE9D82587D8A2005EC51B /* Localizable.strings in Resources */,
				071423722534C38A00E7487A /* Assets.xcassets in Resources */,
				071423702534C38A00E7487A /* Main.storyboard in Resources */,
				0742565F2577FC97000C3B77 /* Lesson6.storyboard in Resources */,
				07DAE9C22587C23C005EC51B /* Lesson8.storyboard in Resources */,
			);
			runOnlyForDeploymentPostprocessing = 0;
		};
		0714237B2534C38A00E7487A /* Resources */ = {
			isa = PBXResourcesBuildPhase;
			buildActionMask = 2147483647;
			files = (
			);
			runOnlyForDeploymentPostprocessing = 0;
		};
		071423862534C38A00E7487A /* Resources */ = {
			isa = PBXResourcesBuildPhase;
			buildActionMask = 2147483647;
			files = (
			);
			runOnlyForDeploymentPostprocessing = 0;
		};
/* End PBXResourcesBuildPhase section */

/* Begin PBXSourcesBuildPhase section */
		0714235E2534C38A00E7487A /* Sources */ = {
			isa = PBXSourcesBuildPhase;
			buildActionMask = 2147483647;
			files = (
				07DAE9B22587C14C005EC51B /* Lesson8Classes.swift in Sources */,
				0746D05B258276D300EEDA27 /* Lesson7ViewController.swift in Sources */,
				0756115E2559A0E100EA8A41 /* Lesson4ViewController.swift in Sources */,
				07E7B6E2256816F000B09599 /* CustomView.swift in Sources */,
				0746D063258276E500EEDA27 /* Lesson7Classes.swift in Sources */,
				0742565A2577FB50000C3B77 /* Lesson6TableViewCell.swift in Sources */,
				0787B642253DF4D100DF56E4 /* DemoModel.m in Sources */,
				07606EC526024F6B00B41EEA /* Lesson21ViewController.swift in Sources */,
				071423A22534CFEE00E7487A /* PhoneCaller.m in Sources */,
				074256522577F45F000C3B77 /* Lesson6ViewController.swift in Sources */,
				07A795142549C5C2006F4FB4 /* SwiftCode.swift in Sources */,
				0714236D2534C38A00E7487A /* ViewController.m in Sources */,
				076C06962550636B006B0670 /* Lesson3ViewController.m in Sources */,
				0756116A2559A45D00EA8A41 /* DemoOperations.swift in Sources */,
				071423672534C38A00E7487A /* AppDelegate.m in Sources */,
				0787B64E253E069B00DF56E4 /* DemoModel+Display.m in Sources */,
				0746D06C258282C700EEDA27 /* Lesson7ObjcClasses.m in Sources */,
				076C069F255063E6006B0670 /* Lesson2ViewController.m in Sources */,
				071423782534C38A00E7487A /* main.m in Sources */,
				0742566425780750000C3B77 /* Lesson6DetailsViewController.swift in Sources */,
				0787B65E253E08C700DF56E4 /* PromoModel.m in Sources */,
				07DAE9B72587C162005EC51B /* Lesson8ViewController.swift in Sources */,
				07E7B6DD256816C300B09599 /* Lesson5ViewController.swift in Sources */,
				0787B654253E079800DF56E4 /* NSString+Display.m in Sources */,
				0714236A2534C38A00E7487A /* SceneDelegate.m in Sources */,
			);
			runOnlyForDeploymentPostprocessing = 0;
		};
		071423792534C38A00E7487A /* Sources */ = {
			isa = PBXSourcesBuildPhase;
			buildActionMask = 2147483647;
			files = (
				071423822534C38A00E7487A /* Demo1Tests.m in Sources */,
			);
			runOnlyForDeploymentPostprocessing = 0;
		};
		071423842534C38A00E7487A /* Sources */ = {
			isa = PBXSourcesBuildPhase;
			buildActionMask = 2147483647;
			files = (
				0714238D2534C38A00E7487A /* Demo1UITests.m in Sources */,
			);
			runOnlyForDeploymentPostprocessing = 0;
		};
/* End PBXSourcesBuildPhase section */

/* Begin PBXTargetDependency section */
		0714237F2534C38A00E7487A /* PBXTargetDependency */ = {
			isa = PBXTargetDependency;
			target = 071423612534C38A00E7487A /* IOSSchool */;
			targetProxy = 0714237E2534C38A00E7487A /* PBXContainerItemProxy */;
		};
		0714238A2534C38A00E7487A /* PBXTargetDependency */ = {
			isa = PBXTargetDependency;
			target = 071423612534C38A00E7487A /* IOSSchool */;
			targetProxy = 071423892534C38A00E7487A /* PBXContainerItemProxy */;
		};
/* End PBXTargetDependency section */

/* Begin PBXVariantGroup section */
		0714236E2534C38A00E7487A /* Main.storyboard */ = {
			isa = PBXVariantGroup;
			children = (
				0714236F2534C38A00E7487A /* Base */,
				07DAE9FD25888BEA005EC51B /* en */,
				07DAE9FE25888BEC005EC51B /* ru */,
			);
			name = Main.storyboard;
			sourceTree = "<group>";
		};
		071423732534C38A00E7487A /* LaunchScreen.storyboard */ = {
			isa = PBXVariantGroup;
			children = (
				071423742534C38A00E7487A /* Base */,
				07DAE9CA2587D72D005EC51B /* ru */,
			);
			name = LaunchScreen.storyboard;
			sourceTree = "<group>";
		};
		07DAE9DA2587D8A2005EC51B /* Localizable.strings */ = {
			isa = PBXVariantGroup;
			children = (
				07DAE9D92587D8A2005EC51B /* en */,
				07DAE9DB2587D8A7005EC51B /* ru */,
			);
			name = Localizable.strings;
			sourceTree = "<group>";
		};
/* End PBXVariantGroup section */

/* Begin XCBuildConfiguration section */
		0714238F2534C38A00E7487A /* Debug */ = {
			isa = XCBuildConfiguration;
			buildSettings = {
				ALWAYS_SEARCH_USER_PATHS = NO;
				CLANG_ANALYZER_LOCALIZABILITY_NONLOCALIZED = YES;
				CLANG_ANALYZER_NONNULL = YES;
				CLANG_ANALYZER_NUMBER_OBJECT_CONVERSION = YES_AGGRESSIVE;
				CLANG_CXX_LANGUAGE_STANDARD = "gnu++14";
				CLANG_CXX_LIBRARY = "libc++";
				CLANG_ENABLE_MODULES = YES;
				CLANG_ENABLE_OBJC_ARC = YES;
				CLANG_ENABLE_OBJC_WEAK = YES;
				CLANG_WARN_BLOCK_CAPTURE_AUTORELEASING = YES;
				CLANG_WARN_BOOL_CONVERSION = YES;
				CLANG_WARN_COMMA = YES;
				CLANG_WARN_CONSTANT_CONVERSION = YES;
				CLANG_WARN_DEPRECATED_OBJC_IMPLEMENTATIONS = YES;
				CLANG_WARN_DIRECT_OBJC_ISA_USAGE = YES_ERROR;
				CLANG_WARN_DOCUMENTATION_COMMENTS = YES;
				CLANG_WARN_EMPTY_BODY = YES;
				CLANG_WARN_ENUM_CONVERSION = YES;
				CLANG_WARN_INFINITE_RECURSION = YES;
				CLANG_WARN_INT_CONVERSION = YES;
				CLANG_WARN_NON_LITERAL_NULL_CONVERSION = YES;
				CLANG_WARN_OBJC_IMPLICIT_RETAIN_SELF = YES;
				CLANG_WARN_OBJC_LITERAL_CONVERSION = YES;
				CLANG_WARN_OBJC_ROOT_CLASS = YES_ERROR;
				CLANG_WARN_QUOTED_INCLUDE_IN_FRAMEWORK_HEADER = YES;
				CLANG_WARN_RANGE_LOOP_ANALYSIS = YES;
				CLANG_WARN_STRICT_PROTOTYPES = YES;
				CLANG_WARN_SUSPICIOUS_MOVE = YES;
				CLANG_WARN_UNGUARDED_AVAILABILITY = YES_AGGRESSIVE;
				CLANG_WARN_UNREACHABLE_CODE = YES;
				CLANG_WARN__DUPLICATE_METHOD_MATCH = YES;
				COPY_PHASE_STRIP = NO;
				DEBUG_INFORMATION_FORMAT = dwarf;
				ENABLE_STRICT_OBJC_MSGSEND = YES;
				ENABLE_TESTABILITY = YES;
				GCC_C_LANGUAGE_STANDARD = gnu11;
				GCC_DYNAMIC_NO_PIC = NO;
				GCC_NO_COMMON_BLOCKS = YES;
				GCC_OPTIMIZATION_LEVEL = 0;
				GCC_PREPROCESSOR_DEFINITIONS = (
					"DEBUG=1",
					"$(inherited)",
				);
				GCC_WARN_64_TO_32_BIT_CONVERSION = YES;
				GCC_WARN_ABOUT_RETURN_TYPE = YES_ERROR;
				GCC_WARN_UNDECLARED_SELECTOR = YES;
				GCC_WARN_UNINITIALIZED_AUTOS = YES_AGGRESSIVE;
				GCC_WARN_UNUSED_FUNCTION = YES;
				GCC_WARN_UNUSED_VARIABLE = YES;
				IPHONEOS_DEPLOYMENT_TARGET = 14.0;
				MTL_ENABLE_DEBUG_INFO = INCLUDE_SOURCE;
				MTL_FAST_MATH = YES;
				ONLY_ACTIVE_ARCH = YES;
				SDKROOT = iphoneos;
			};
			name = Debug;
		};
		071423902534C38A00E7487A /* Release */ = {
			isa = XCBuildConfiguration;
			buildSettings = {
				ALWAYS_SEARCH_USER_PATHS = NO;
				CLANG_ANALYZER_LOCALIZABILITY_NONLOCALIZED = YES;
				CLANG_ANALYZER_NONNULL = YES;
				CLANG_ANALYZER_NUMBER_OBJECT_CONVERSION = YES_AGGRESSIVE;
				CLANG_CXX_LANGUAGE_STANDARD = "gnu++14";
				CLANG_CXX_LIBRARY = "libc++";
				CLANG_ENABLE_MODULES = YES;
				CLANG_ENABLE_OBJC_ARC = YES;
				CLANG_ENABLE_OBJC_WEAK = YES;
				CLANG_WARN_BLOCK_CAPTURE_AUTORELEASING = YES;
				CLANG_WARN_BOOL_CONVERSION = YES;
				CLANG_WARN_COMMA = YES;
				CLANG_WARN_CONSTANT_CONVERSION = YES;
				CLANG_WARN_DEPRECATED_OBJC_IMPLEMENTATIONS = YES;
				CLANG_WARN_DIRECT_OBJC_ISA_USAGE = YES_ERROR;
				CLANG_WARN_DOCUMENTATION_COMMENTS = YES;
				CLANG_WARN_EMPTY_BODY = YES;
				CLANG_WARN_ENUM_CONVERSION = YES;
				CLANG_WARN_INFINITE_RECURSION = YES;
				CLANG_WARN_INT_CONVERSION = YES;
				CLANG_WARN_NON_LITERAL_NULL_CONVERSION = YES;
				CLANG_WARN_OBJC_IMPLICIT_RETAIN_SELF = YES;
				CLANG_WARN_OBJC_LITERAL_CONVERSION = YES;
				CLANG_WARN_OBJC_ROOT_CLASS = YES_ERROR;
				CLANG_WARN_QUOTED_INCLUDE_IN_FRAMEWORK_HEADER = YES;
				CLANG_WARN_RANGE_LOOP_ANALYSIS = YES;
				CLANG_WARN_STRICT_PROTOTYPES = YES;
				CLANG_WARN_SUSPICIOUS_MOVE = YES;
				CLANG_WARN_UNGUARDED_AVAILABILITY = YES_AGGRESSIVE;
				CLANG_WARN_UNREACHABLE_CODE = YES;
				CLANG_WARN__DUPLICATE_METHOD_MATCH = YES;
				COPY_PHASE_STRIP = NO;
				DEBUG_INFORMATION_FORMAT = "dwarf-with-dsym";
				ENABLE_NS_ASSERTIONS = NO;
				ENABLE_STRICT_OBJC_MSGSEND = YES;
				GCC_C_LANGUAGE_STANDARD = gnu11;
				GCC_NO_COMMON_BLOCKS = YES;
				GCC_WARN_64_TO_32_BIT_CONVERSION = YES;
				GCC_WARN_ABOUT_RETURN_TYPE = YES_ERROR;
				GCC_WARN_UNDECLARED_SELECTOR = YES;
				GCC_WARN_UNINITIALIZED_AUTOS = YES_AGGRESSIVE;
				GCC_WARN_UNUSED_FUNCTION = YES;
				GCC_WARN_UNUSED_VARIABLE = YES;
				IPHONEOS_DEPLOYMENT_TARGET = 14.0;
				MTL_ENABLE_DEBUG_INFO = NO;
				MTL_FAST_MATH = YES;
				SDKROOT = iphoneos;
				VALIDATE_PRODUCT = YES;
			};
			name = Release;
		};
		071423922534C38A00E7487A /* Debug */ = {
			isa = XCBuildConfiguration;
			buildSettings = {
				ASSETCATALOG_COMPILER_APPICON_NAME = AppIcon;
				ASSETCATALOG_COMPILER_GLOBAL_ACCENT_COLOR_NAME = AccentColor;
				CLANG_ENABLE_MODULES = YES;
				CODE_SIGN_STYLE = Automatic;
				INFOPLIST_FILE = IOSSchool/Application/Info.plist;
				LD_RUNPATH_SEARCH_PATHS = (
					"$(inherited)",
					"@executable_path/Frameworks",
				);
				PRODUCT_BUNDLE_IDENTIFIER = com.ios.school;
				PRODUCT_NAME = "$(TARGET_NAME)";
				SWIFT_OBJC_BRIDGING_HEADER = "IOSSchool/Application/IOSSchool-Bridging-Header.h";
				SWIFT_OPTIMIZATION_LEVEL = "-Onone";
				SWIFT_VERSION = 5.0;
				TARGETED_DEVICE_FAMILY = "1,2";
			};
			name = Debug;
		};
		071423932534C38A00E7487A /* Release */ = {
			isa = XCBuildConfiguration;
			buildSettings = {
				ASSETCATALOG_COMPILER_APPICON_NAME = AppIcon;
				ASSETCATALOG_COMPILER_GLOBAL_ACCENT_COLOR_NAME = AccentColor;
				CLANG_ENABLE_MODULES = YES;
				CODE_SIGN_STYLE = Automatic;
				INFOPLIST_FILE = IOSSchool/Application/Info.plist;
				LD_RUNPATH_SEARCH_PATHS = (
					"$(inherited)",
					"@executable_path/Frameworks",
				);
				PRODUCT_BUNDLE_IDENTIFIER = com.ios.school;
				PRODUCT_NAME = "$(TARGET_NAME)";
				SWIFT_OBJC_BRIDGING_HEADER = "IOSSchool/Application/IOSSchool-Bridging-Header.h";
				SWIFT_VERSION = 5.0;
				TARGETED_DEVICE_FAMILY = "1,2";
			};
			name = Release;
		};
		071423952534C38A00E7487A /* Debug */ = {
			isa = XCBuildConfiguration;
			buildSettings = {
				ALWAYS_EMBED_SWIFT_STANDARD_LIBRARIES = YES;
				BUNDLE_LOADER = "$(TEST_HOST)";
				CODE_SIGN_STYLE = Automatic;
				INFOPLIST_FILE = IOSSchoolTests/Info.plist;
				IPHONEOS_DEPLOYMENT_TARGET = 14.0;
				LD_RUNPATH_SEARCH_PATHS = (
					"$(inherited)",
					"@executable_path/Frameworks",
					"@loader_path/Frameworks",
				);
				PRODUCT_BUNDLE_IDENTIFIER = com.ios.schoolTests;
				PRODUCT_NAME = "$(TARGET_NAME)";
				TARGETED_DEVICE_FAMILY = "1,2";
				TEST_HOST = "$(BUILT_PRODUCTS_DIR)/IOSSchool.app/IOSSchool";
			};
			name = Debug;
		};
		071423962534C38A00E7487A /* Release */ = {
			isa = XCBuildConfiguration;
			buildSettings = {
				ALWAYS_EMBED_SWIFT_STANDARD_LIBRARIES = YES;
				BUNDLE_LOADER = "$(TEST_HOST)";
				CODE_SIGN_STYLE = Automatic;
				INFOPLIST_FILE = IOSSchoolTests/Info.plist;
				IPHONEOS_DEPLOYMENT_TARGET = 14.0;
				LD_RUNPATH_SEARCH_PATHS = (
					"$(inherited)",
					"@executable_path/Frameworks",
					"@loader_path/Frameworks",
				);
				PRODUCT_BUNDLE_IDENTIFIER = com.ios.schoolTests;
				PRODUCT_NAME = "$(TARGET_NAME)";
				TARGETED_DEVICE_FAMILY = "1,2";
				TEST_HOST = "$(BUILT_PRODUCTS_DIR)/IOSSchool.app/IOSSchool";
			};
			name = Release;
		};
		071423982534C38A00E7487A /* Debug */ = {
			isa = XCBuildConfiguration;
			buildSettings = {
				ALWAYS_EMBED_SWIFT_STANDARD_LIBRARIES = YES;
				CODE_SIGN_STYLE = Automatic;
				INFOPLIST_FILE = IOSSchoolUITests/Info.plist;
				LD_RUNPATH_SEARCH_PATHS = (
					"$(inherited)",
					"@executable_path/Frameworks",
					"@loader_path/Frameworks",
				);
				PRODUCT_BUNDLE_IDENTIFIER = com.ios.shoolUITests;
				PRODUCT_NAME = "$(TARGET_NAME)";
				TARGETED_DEVICE_FAMILY = "1,2";
			};
			name = Debug;
		};
		071423992534C38A00E7487A /* Release */ = {
			isa = XCBuildConfiguration;
			buildSettings = {
				ALWAYS_EMBED_SWIFT_STANDARD_LIBRARIES = YES;
				CODE_SIGN_STYLE = Automatic;
				INFOPLIST_FILE = IOSSchoolUITests/Info.plist;
				LD_RUNPATH_SEARCH_PATHS = (
					"$(inherited)",
					"@executable_path/Frameworks",
					"@loader_path/Frameworks",
				);
				PRODUCT_BUNDLE_IDENTIFIER = com.ios.shoolUITests;
				PRODUCT_NAME = "$(TARGET_NAME)";
				TARGETED_DEVICE_FAMILY = "1,2";
			};
			name = Release;
		};
/* End XCBuildConfiguration section */

/* Begin XCConfigurationList section */
		0714235D2534C38A00E7487A /* Build configuration list for PBXProject "IOSSchool" */ = {
			isa = XCConfigurationList;
			buildConfigurations = (
				0714238F2534C38A00E7487A /* Debug */,
				071423902534C38A00E7487A /* Release */,
			);
			defaultConfigurationIsVisible = 0;
			defaultConfigurationName = Release;
		};
		071423912534C38A00E7487A /* Build configuration list for PBXNativeTarget "IOSSchool" */ = {
			isa = XCConfigurationList;
			buildConfigurations = (
				071423922534C38A00E7487A /* Debug */,
				071423932534C38A00E7487A /* Release */,
			);
			defaultConfigurationIsVisible = 0;
			defaultConfigurationName = Release;
		};
		071423942534C38A00E7487A /* Build configuration list for PBXNativeTarget "IOSSchoolTests" */ = {
			isa = XCConfigurationList;
			buildConfigurations = (
				071423952534C38A00E7487A /* Debug */,
				071423962534C38A00E7487A /* Release */,
			);
			defaultConfigurationIsVisible = 0;
			defaultConfigurationName = Release;
		};
		071423972534C38A00E7487A /* Build configuration list for PBXNativeTarget "IOSSchoolUITests" */ = {
			isa = XCConfigurationList;
			buildConfigurations = (
				071423982534C38A00E7487A /* Debug */,
				071423992534C38A00E7487A /* Release */,
			);
			defaultConfigurationIsVisible = 0;
			defaultConfigurationName = Release;
		};
/* End XCConfigurationList section */
	};
	rootObject = 0714235A2534C38A00E7487A /* Project object */;
}
